
Microsoft Visual Studio Solution File, Format Version 12.00
# Visual Studio Version 17
VisualStudioVersion = 17.11.35327.3
MinimumVisualStudioVersion = 10.0.40219.1
Project("{FAE04EC0-301F-11D3-BF4B-00C04F79EFBC}") = "TuotekuvastoApp", "TuotekuvastoApp\TuotekuvastoApp.csproj", "{0BDECF53-3B0A-42D4-81A9-6AF819F623EF}"
EndProject
Global
	GlobalSection(SolutionConfigurationPlatforms) = preSolution
		Debug|Any CPU = Debug|Any CPU
		Release|Any CPU = Release|Any CPU
	EndGlobalSection
	GlobalSection(ProjectConfigurationPlatforms) = postSolution
		{0BDECF53-3B0A-42D4-81A9-6AF819F623EF}.Debug|Any CPU.ActiveCfg = Debug|Any CPU
		{0BDECF53-3B0A-42D4-81A9-6AF819F623EF}.Debug|Any CPU.Build.0 = Debug|Any CPU
		{0BDECF53-3B0A-42D4-81A9-6AF819F623EF}.Release|Any CPU.ActiveCfg = Release|Any CPU
		{0BDECF53-3B0A-42D4-81A9-6AF819F623EF}.Release|Any CPU.Build.0 = Release|Any CPU
	EndGlobalSection
	GlobalSection(SolutionProperties) = preSolution
		HideSolutionNode = FALSE
	EndGlobalSection
	GlobalSection(ExtensibilityGlobals) = postSolution
		SolutionGuid = {0F5E0683-B8D9-4F49-A7A5-E1D14EE99F2C}
	EndGlobalSection
EndGlobal
